
Microsoft Visual Studio Solution File, Format Version 12.00
# Visual Studio Version 17
VisualStudioVersion = 17.3.32922.545
MinimumVisualStudioVersion = 10.0.40219.1
Project("{FAE04EC0-301F-11D3-BF4B-00C04F79EFBC}") = "OOP_Lab_8", "OOP_Lab_8\OOP_Lab_8.csproj", "{3C54BE95-47B9-4521-9306-B8FE39ACBC46}"
EndProject
Global
	GlobalSection(SolutionConfigurationPlatforms) = preSolution
		Debug|Any CPU = Debug|Any CPU
		Release|Any CPU = Release|Any CPU
	EndGlobalSection
	GlobalSection(ProjectConfigurationPlatforms) = postSolution
		{3C54BE95-47B9-4521-9306-B8FE39ACBC46}.Debug|Any CPU.ActiveCfg = Debug|Any CPU
		{3C54BE95-47B9-4521-9306-B8FE39ACBC46}.Debug|Any CPU.Build.0 = Debug|Any CPU
		{3C54BE95-47B9-4521-9306-B8FE39ACBC46}.Release|Any CPU.ActiveCfg = Release|Any CPU
		{3C54BE95-47B9-4521-9306-B8FE39ACBC46}.Release|Any CPU.Build.0 = Release|Any CPU
	EndGlobalSection
	GlobalSection(SolutionProperties) = preSolution
		HideSolutionNode = FALSE
	EndGlobalSection
	GlobalSection(ExtensibilityGlobals) = postSolution
		SolutionGuid = {87AB41D6-97E7-44A6-A2D5-D23D7912F37C}
	EndGlobalSection
EndGlobal
